
Microsoft Visual Studio Solution File, Format Version 12.00
# Visual Studio Version 16
VisualStudioVersion = 16.0.30002.166
MinimumVisualStudioVersion = 10.0.40219.1
Project("{9A19103F-16F7-4668-BE54-9A1E7A4F7556}") = "APITEST", "APITEST\APITEST.csproj", "{DF1197F6-C656-486E-9AE5-C4D4C969897B}"
EndProject
Global
	GlobalSection(SolutionConfigurationPlatforms) = preSolution
		Debug|Any CPU = Debug|Any CPU
		Release|Any CPU = Release|Any CPU
	EndGlobalSection
	GlobalSection(ProjectConfigurationPlatforms) = postSolution
		{DF1197F6-C656-486E-9AE5-C4D4C969897B}.Debug|Any CPU.ActiveCfg = Debug|Any CPU
		{DF1197F6-C656-486E-9AE5-C4D4C969897B}.Debug|Any CPU.Build.0 = Debug|Any CPU
		{DF1197F6-C656-486E-9AE5-C4D4C969897B}.Release|Any CPU.ActiveCfg = Release|Any CPU
		{DF1197F6-C656-486E-9AE5-C4D4C969897B}.Release|Any CPU.Build.0 = Release|Any CPU
	EndGlobalSection
	GlobalSection(SolutionProperties) = preSolution
		HideSolutionNode = FALSE
	EndGlobalSection
	GlobalSection(ExtensibilityGlobals) = postSolution
		SolutionGuid = {3EA5A7FE-2936-493D-865B-6A29CF740E4A}
	EndGlobalSection
EndGlobal
