
Microsoft Visual Studio Solution File, Format Version 12.00
# Visual Studio Version 16
VisualStudioVersion = 16.0.30002.166
MinimumVisualStudioVersion = 10.0.40219.1
Project("{9A19103F-16F7-4668-BE54-9A1E7A4F7556}") = "APITEST", "APITEST\APITEST.csproj", "{DF1197F6-C656-486E-9AE5-C4D4C969897B}"
EndProject
Project("{9A19103F-16F7-4668-BE54-9A1E7A4F7556}") = "BusinessLogic", "BusinessLogic\BusinessLogic.csproj", "{855FAECE-21F9-444E-AC7E-002414582F0B}"
EndProject
Project("{9A19103F-16F7-4668-BE54-9A1E7A4F7556}") = "Database", "Database\Database.csproj", "{C68E309D-FF47-4E52-A7C4-322E479AAEB7}"
EndProject
Project("{FAE04EC0-301F-11D3-BF4B-00C04F79EFBC}") = "Services", "Services\Services.csproj", "{EDAAD692-759E-473A-AD8B-8C4C04489660}"
EndProject
Global
	GlobalSection(SolutionConfigurationPlatforms) = preSolution
		Debug|Any CPU = Debug|Any CPU
		Release|Any CPU = Release|Any CPU
	EndGlobalSection
	GlobalSection(ProjectConfigurationPlatforms) = postSolution
		{DF1197F6-C656-486E-9AE5-C4D4C969897B}.Debug|Any CPU.ActiveCfg = Debug|Any CPU
		{DF1197F6-C656-486E-9AE5-C4D4C969897B}.Debug|Any CPU.Build.0 = Debug|Any CPU
		{DF1197F6-C656-486E-9AE5-C4D4C969897B}.Release|Any CPU.ActiveCfg = Release|Any CPU
		{DF1197F6-C656-486E-9AE5-C4D4C969897B}.Release|Any CPU.Build.0 = Release|Any CPU
		{855FAECE-21F9-444E-AC7E-002414582F0B}.Debug|Any CPU.ActiveCfg = Debug|Any CPU
		{855FAECE-21F9-444E-AC7E-002414582F0B}.Debug|Any CPU.Build.0 = Debug|Any CPU
		{855FAECE-21F9-444E-AC7E-002414582F0B}.Release|Any CPU.ActiveCfg = Release|Any CPU
		{855FAECE-21F9-444E-AC7E-002414582F0B}.Release|Any CPU.Build.0 = Release|Any CPU
		{C68E309D-FF47-4E52-A7C4-322E479AAEB7}.Debug|Any CPU.ActiveCfg = Debug|Any CPU
		{C68E309D-FF47-4E52-A7C4-322E479AAEB7}.Debug|Any CPU.Build.0 = Debug|Any CPU
		{C68E309D-FF47-4E52-A7C4-322E479AAEB7}.Release|Any CPU.ActiveCfg = Release|Any CPU
		{C68E309D-FF47-4E52-A7C4-322E479AAEB7}.Release|Any CPU.Build.0 = Release|Any CPU
		{EDAAD692-759E-473A-AD8B-8C4C04489660}.Debug|Any CPU.ActiveCfg = Debug|Any CPU
		{EDAAD692-759E-473A-AD8B-8C4C04489660}.Debug|Any CPU.Build.0 = Debug|Any CPU
		{EDAAD692-759E-473A-AD8B-8C4C04489660}.Release|Any CPU.ActiveCfg = Release|Any CPU
		{EDAAD692-759E-473A-AD8B-8C4C04489660}.Release|Any CPU.Build.0 = Release|Any CPU
	EndGlobalSection
	GlobalSection(SolutionProperties) = preSolution
		HideSolutionNode = FALSE
	EndGlobalSection
	GlobalSection(ExtensibilityGlobals) = postSolution
		SolutionGuid = {3EA5A7FE-2936-493D-865B-6A29CF740E4A}
	EndGlobalSection
EndGlobal
